
Microsoft Visual Studio Solution File, Format Version 12.00
# Visual Studio Version 17
VisualStudioVersion = 17.8.34330.188
MinimumVisualStudioVersion = 10.0.40219.1
Project("{FAE04EC0-301F-11D3-BF4B-00C04F79EFBC}") = "WpfApp8", "WpfApp8\WpfApp8.csproj", "{82C03250-96DD-470E-812B-3F5DA6AEEB0E}"
EndProject
Global
	GlobalSection(SolutionConfigurationPlatforms) = preSolution
		Debug|Any CPU = Debug|Any CPU
		Release|Any CPU = Release|Any CPU
	EndGlobalSection
	GlobalSection(ProjectConfigurationPlatforms) = postSolution
		{82C03250-96DD-470E-812B-3F5DA6AEEB0E}.Debug|Any CPU.ActiveCfg = Debug|Any CPU
		{82C03250-96DD-470E-812B-3F5DA6AEEB0E}.Debug|Any CPU.Build.0 = Debug|Any CPU
		{82C03250-96DD-470E-812B-3F5DA6AEEB0E}.Release|Any CPU.ActiveCfg = Release|Any CPU
		{82C03250-96DD-470E-812B-3F5DA6AEEB0E}.Release|Any CPU.Build.0 = Release|Any CPU
	EndGlobalSection
	GlobalSection(SolutionProperties) = preSolution
		HideSolutionNode = FALSE
	EndGlobalSection
	GlobalSection(ExtensibilityGlobals) = postSolution
		SolutionGuid = {2B475DA2-D380-4F5A-B58E-BB1B697875D4}
	EndGlobalSection
EndGlobal
